
Microsoft Visual Studio Solution File, Format Version 12.00
# Visual Studio Version 16
VisualStudioVersion = 16.0.31613.86
MinimumVisualStudioVersion = 10.0.40219.1
Project("{FAE04EC0-301F-11D3-BF4B-00C04F79EFBC}") = "ACM.BL", "ACM.BL\ACM.BL.csproj", "{EE81EFF1-E8D1-481C-8212-0D27DA333F4E}"
EndProject
Project("{2150E333-8FDC-42A3-9474-1A3956D46DE8}") = "Tests", "Tests", "{8F7FEB07-06E8-43EF-95DE-E2A852873B7A}"
EndProject
Project("{FAE04EC0-301F-11D3-BF4B-00C04F79EFBC}") = "ACM.BLTest", "Tests\ACM.BLTest\ACM.BLTest.csproj", "{1807EA8A-6859-4697-90CE-29A2B4A3F330}"
EndProject
Project("{FAE04EC0-301F-11D3-BF4B-00C04F79EFBC}") = "Acme.Common", "Acme.Common\Acme.Common.csproj", "{44916808-FE48-4478-BF78-5520EBBC849C}"
EndProject
Project("{FAE04EC0-301F-11D3-BF4B-00C04F79EFBC}") = "Acme.CommonTest", "Tests\Acme.CommonTest\Acme.CommonTest.csproj", "{153FB5FD-8A0B-4A84-A409-E75562179849}"
EndProject
Global
	GlobalSection(SolutionConfigurationPlatforms) = preSolution
		Debug|Any CPU = Debug|Any CPU
		Release|Any CPU = Release|Any CPU
	EndGlobalSection
	GlobalSection(ProjectConfigurationPlatforms) = postSolution
		{EE81EFF1-E8D1-481C-8212-0D27DA333F4E}.Debug|Any CPU.ActiveCfg = Debug|Any CPU
		{EE81EFF1-E8D1-481C-8212-0D27DA333F4E}.Debug|Any CPU.Build.0 = Debug|Any CPU
		{EE81EFF1-E8D1-481C-8212-0D27DA333F4E}.Release|Any CPU.ActiveCfg = Release|Any CPU
		{EE81EFF1-E8D1-481C-8212-0D27DA333F4E}.Release|Any CPU.Build.0 = Release|Any CPU
		{1807EA8A-6859-4697-90CE-29A2B4A3F330}.Debug|Any CPU.ActiveCfg = Debug|Any CPU
		{1807EA8A-6859-4697-90CE-29A2B4A3F330}.Debug|Any CPU.Build.0 = Debug|Any CPU
		{1807EA8A-6859-4697-90CE-29A2B4A3F330}.Release|Any CPU.ActiveCfg = Release|Any CPU
		{1807EA8A-6859-4697-90CE-29A2B4A3F330}.Release|Any CPU.Build.0 = Release|Any CPU
		{44916808-FE48-4478-BF78-5520EBBC849C}.Debug|Any CPU.ActiveCfg = Debug|Any CPU
		{44916808-FE48-4478-BF78-5520EBBC849C}.Debug|Any CPU.Build.0 = Debug|Any CPU
		{44916808-FE48-4478-BF78-5520EBBC849C}.Release|Any CPU.ActiveCfg = Release|Any CPU
		{44916808-FE48-4478-BF78-5520EBBC849C}.Release|Any CPU.Build.0 = Release|Any CPU
		{153FB5FD-8A0B-4A84-A409-E75562179849}.Debug|Any CPU.ActiveCfg = Debug|Any CPU
		{153FB5FD-8A0B-4A84-A409-E75562179849}.Debug|Any CPU.Build.0 = Debug|Any CPU
		{153FB5FD-8A0B-4A84-A409-E75562179849}.Release|Any CPU.ActiveCfg = Release|Any CPU
		{153FB5FD-8A0B-4A84-A409-E75562179849}.Release|Any CPU.Build.0 = Release|Any CPU
	EndGlobalSection
	GlobalSection(SolutionProperties) = preSolution
		HideSolutionNode = FALSE
	EndGlobalSection
	GlobalSection(NestedProjects) = preSolution
		{1807EA8A-6859-4697-90CE-29A2B4A3F330} = {8F7FEB07-06E8-43EF-95DE-E2A852873B7A}
		{153FB5FD-8A0B-4A84-A409-E75562179849} = {8F7FEB07-06E8-43EF-95DE-E2A852873B7A}
	EndGlobalSection
	GlobalSection(ExtensibilityGlobals) = postSolution
		SolutionGuid = {E13FA838-7F20-44F3-B04D-7011C5AC9D2E}
	EndGlobalSection
EndGlobal
